
Microsoft Visual Studio Solution File, Format Version 12.00
# Visual Studio Version 17
VisualStudioVersion = 17.9.34728.123
MinimumVisualStudioVersion = 10.0.40219.1
Project("{FAE04EC0-301F-11D3-BF4B-00C04F79EFBC}") = "JWTAuthenticationTest", "JWTAuthenticationTest\JWTAuthenticationTest.csproj", "{B637C8FD-EF54-4CDD-8A04-96B8ED184814}"
EndProject
Global
	GlobalSection(SolutionConfigurationPlatforms) = preSolution
		Debug|Any CPU = Debug|Any CPU
		Release|Any CPU = Release|Any CPU
	EndGlobalSection
	GlobalSection(ProjectConfigurationPlatforms) = postSolution
		{B637C8FD-EF54-4CDD-8A04-96B8ED184814}.Debug|Any CPU.ActiveCfg = Debug|Any CPU
		{B637C8FD-EF54-4CDD-8A04-96B8ED184814}.Debug|Any CPU.Build.0 = Debug|Any CPU
		{B637C8FD-EF54-4CDD-8A04-96B8ED184814}.Release|Any CPU.ActiveCfg = Release|Any CPU
		{B637C8FD-EF54-4CDD-8A04-96B8ED184814}.Release|Any CPU.Build.0 = Release|Any CPU
	EndGlobalSection
	GlobalSection(SolutionProperties) = preSolution
		HideSolutionNode = FALSE
	EndGlobalSection
	GlobalSection(ExtensibilityGlobals) = postSolution
		SolutionGuid = {E69BA14B-91F9-46C1-8BB2-ED831408E237}
	EndGlobalSection
EndGlobal
